<?xml version="1.0" encoding="utf-8"?>
<Project ToolsVersion="4.0" xmlns="http://schemas.microsoft.com/developer/msbuild/2003">
  <ItemGroup>
    <Filter Include="Source Files">
      <UniqueIdentifier>{4FC737F1-C7A5-4376-A066-2A32D752A2FF}</UniqueIdentifier>
      <Extensions>cpp;c;cc;cxx;c++;cppm;ixx;def;odl;idl;hpj;bat;asm;asmx</Extensions>
    </Filter>
    <Filter Include="Header Files">
      <UniqueIdentifier>{93995380-89BD-4b04-88EB-625FBE52EBFB}</UniqueIdentifier>
      <Extensions>h;hh;hpp;hxx;h++;hm;inl;inc;ipp;xsd</Extensions>
    </Filter>
    <Filter Include="Resource Files">
      <UniqueIdentifier>{67DA6AB6-F800-4c08-8B7A-83BB121AAD01}</UniqueIdentifier>
      <Extensions>rc;ico;cur;bmp;dlg;rc2;rct;bin;rgs;gif;jpg;jpeg;jpe;resx;tiff;tif;png;wav;mfcribbon-ms</Extensions>
    </Filter>
    <Filter Include="Detours">
      <UniqueIdentifier>{059953aa-3aaa-4e03-b137-b7a80b1553bd}</UniqueIdentifier>
    </Filter>
    <Filter Include="Common">
      <UniqueIdentifier>{99538836-760e-4733-9913-f5f476e61319}</UniqueIdentifier>
    </Filter>
    <Filter Include="KrkrPlugin">
      <UniqueIdentifier>{e031e5a2-d376-4aa8-b277-b05943584f40}</UniqueIdentifier>
    </Filter>
    <Filter Include="cJSON">
      <UniqueIdentifier>{f3dbfd68-29b7-4292-a5c8-976769087f24}</UniqueIdentifier>
    </Filter>
    <Filter Include="Zlib">
      <UniqueIdentifier>{696cd4f8-1b02-4ced-8572-18d4876dcf66}</UniqueIdentifier>
    </Filter>
  </ItemGroup>
  <ItemGroup>
    <ClCompile Include="dllmain.cpp">
      <Filter>Source Files</Filter>
    </ClCompile>
    <ClCompile Include="..\Detours\src\creatwth.cpp">
      <Filter>Detours</Filter>
    </ClCompile>
    <ClCompile Include="..\Detours\src\detours.cpp">
      <Filter>Detours</Filter>
    </ClCompile>
    <ClCompile Include="..\Detours\src\disasm.cpp">
      <Filter>Detours</Filter>
    </ClCompile>
    <ClCompile Include="..\Detours\src\image.cpp">
      <Filter>Detours</Filter>
    </ClCompile>
    <ClCompile Include="..\Detours\src\modules.cpp">
      <Filter>Detours</Filter>
    </ClCompile>
    <ClCompile Include="..\Common\encoding.cpp">
      <Filter>Common</Filter>
    </ClCompile>
    <ClCompile Include="..\Common\log.cpp">
      <Filter>Common</Filter>
    </ClCompile>
    <ClCompile Include="..\Common\path.cpp">
      <Filter>Common</Filter>
    </ClCompile>
    <ClCompile Include="..\Common\pe.cpp">
      <Filter>Common</Filter>
    </ClCompile>
    <ClCompile Include="..\Common\stringhelper.cpp">
      <Filter>Common</Filter>
    </ClCompile>
    <ClCompile Include="..\Common\util.cpp">
      <Filter>Common</Filter>
    </ClCompile>
    <ClCompile Include="..\KrkrPlugin\tp_stub.cpp">
      <Filter>KrkrPlugin</Filter>
    </ClCompile>
    <ClCompile Include="..\cJSON\cJSON.c">
      <Filter>cJSON</Filter>
    </ClCompile>
    <ClCompile Include="..\Common\file.cpp">
      <Filter>Common</Filter>
    </ClCompile>
    <ClCompile Include="..\zlib\adler32.c">
      <Filter>Zlib</Filter>
    </ClCompile>
    <ClCompile Include="..\zlib\compress.c">
      <Filter>Zlib</Filter>
    </ClCompile>
    <ClCompile Include="..\zlib\crc32.c">
      <Filter>Zlib</Filter>
    </ClCompile>
    <ClCompile Include="..\zlib\deflate.c">
      <Filter>Zlib</Filter>
    </ClCompile>
    <ClCompile Include="..\zlib\gzclose.c">
      <Filter>Zlib</Filter>
    </ClCompile>
    <ClCompile Include="..\zlib\gzlib.c">
      <Filter>Zlib</Filter>
    </ClCompile>
    <ClCompile Include="..\zlib\gzread.c">
      <Filter>Zlib</Filter>
    </ClCompile>
    <ClCompile Include="..\zlib\gzwrite.c">
      <Filter>Zlib</Filter>
    </ClCompile>
    <ClCompile Include="..\zlib\infback.c">
      <Filter>Zlib</Filter>
    </ClCompile>
    <ClCompile Include="..\zlib\inffast.c">
      <Filter>Zlib</Filter>
    </ClCompile>
    <ClCompile Include="..\zlib\inflate.c">
      <Filter>Zlib</Filter>
    </ClCompile>
    <ClCompile Include="..\zlib\inftrees.c">
      <Filter>Zlib</Filter>
    </ClCompile>
    <ClCompile Include="..\zlib\trees.c">
      <Filter>Zlib</Filter>
    </ClCompile>
    <ClCompile Include="..\zlib\uncompr.c">
      <Filter>Zlib</Filter>
    </ClCompile>
    <ClCompile Include="..\zlib\zutil.c">
      <Filter>Zlib</Filter>
    </ClCompile>
  </ItemGroup>
  <ItemGroup>
    <ClInclude Include="..\Detours\src\detours.h">
      <Filter>Detours</Filter>
    </ClInclude>
    <ClInclude Include="..\Common\encoding.h">
      <Filter>Common</Filter>
    </ClInclude>
    <ClInclude Include="..\Common\log.h">
      <Filter>Common</Filter>
    </ClInclude>
    <ClInclude Include="..\Common\path.h">
      <Filter>Common</Filter>
    </ClInclude>
    <ClInclude Include="..\Common\pe.h">
      <Filter>Common</Filter>
    </ClInclude>
    <ClInclude Include="..\Common\stringhelper.h">
      <Filter>Common</Filter>
    </ClInclude>
    <ClInclude Include="..\Common\util.h">
      <Filter>Common</Filter>
    </ClInclude>
    <ClInclude Include="..\KrkrPlugin\tp_stub.h">
      <Filter>KrkrPlugin</Filter>
    </ClInclude>
    <ClInclude Include="..\cJSON\cJSON.h">
      <Filter>cJSON</Filter>
    </ClInclude>
    <ClInclude Include="..\Common\file.h">
      <Filter>Common</Filter>
    </ClInclude>
    <ClInclude Include="..\zlib\crc32.h">
      <Filter>Zlib</Filter>
    </ClInclude>
    <ClInclude Include="..\zlib\deflate.h">
      <Filter>Zlib</Filter>
    </ClInclude>
    <ClInclude Include="..\zlib\gzguts.h">
      <Filter>Zlib</Filter>
    </ClInclude>
    <ClInclude Include="..\zlib\inffast.h">
      <Filter>Zlib</Filter>
    </ClInclude>
    <ClInclude Include="..\zlib\inffixed.h">
      <Filter>Zlib</Filter>
    </ClInclude>
    <ClInclude Include="..\zlib\inflate.h">
      <Filter>Zlib</Filter>
    </ClInclude>
    <ClInclude Include="..\zlib\inftrees.h">
      <Filter>Zlib</Filter>
    </ClInclude>
    <ClInclude Include="..\zlib\trees.h">
      <Filter>Zlib</Filter>
    </ClInclude>
    <ClInclude Include="..\zlib\zconf.h">
      <Filter>Zlib</Filter>
    </ClInclude>
    <ClInclude Include="..\zlib\zlib.h">
      <Filter>Zlib</Filter>
    </ClInclude>
    <ClInclude Include="..\zlib\zutil.h">
      <Filter>Zlib</Filter>
    </ClInclude>
  </ItemGroup>
</Project>